
Microsoft Visual Studio Solution File, Format Version 12.00
# Visual Studio Version 17
VisualStudioVersion = 17.0.32126.317
MinimumVisualStudioVersion = 10.0.40219.1
Project("{FAE04EC0-301F-11D3-BF4B-00C04F79EFBC}") = "common", "common\common.csproj", "{348CB439-4CE4-414F-94B1-1C8E52D4403B}"
EndProject
Project("{FAE04EC0-301F-11D3-BF4B-00C04F79EFBC}") = "game", "game\game.csproj", "{A92583EA-C424-48D1-9546-EA3FA3FF2A45}"
EndProject
Project("{FAE04EC0-301F-11D3-BF4B-00C04F79EFBC}") = "server", "server\server.csproj", "{DA6976D0-2652-4285-84BE-AB37528B9B1F}"
EndProject
Global
	GlobalSection(SolutionConfigurationPlatforms) = preSolution
		Debug|Any CPU = Debug|Any CPU
		Release|Any CPU = Release|Any CPU
	EndGlobalSection
	GlobalSection(ProjectConfigurationPlatforms) = postSolution
		{348CB439-4CE4-414F-94B1-1C8E52D4403B}.Debug|Any CPU.ActiveCfg = Debug|Any CPU
		{348CB439-4CE4-414F-94B1-1C8E52D4403B}.Debug|Any CPU.Build.0 = Debug|Any CPU
		{348CB439-4CE4-414F-94B1-1C8E52D4403B}.Release|Any CPU.ActiveCfg = Release|Any CPU
		{348CB439-4CE4-414F-94B1-1C8E52D4403B}.Release|Any CPU.Build.0 = Release|Any CPU
		{A92583EA-C424-48D1-9546-EA3FA3FF2A45}.Debug|Any CPU.ActiveCfg = Debug|Any CPU
		{A92583EA-C424-48D1-9546-EA3FA3FF2A45}.Debug|Any CPU.Build.0 = Debug|Any CPU
		{A92583EA-C424-48D1-9546-EA3FA3FF2A45}.Release|Any CPU.ActiveCfg = Release|Any CPU
		{A92583EA-C424-48D1-9546-EA3FA3FF2A45}.Release|Any CPU.Build.0 = Release|Any CPU
		{DA6976D0-2652-4285-84BE-AB37528B9B1F}.Debug|Any CPU.ActiveCfg = Debug|Any CPU
		{DA6976D0-2652-4285-84BE-AB37528B9B1F}.Debug|Any CPU.Build.0 = Debug|Any CPU
		{DA6976D0-2652-4285-84BE-AB37528B9B1F}.Release|Any CPU.ActiveCfg = Release|Any CPU
		{DA6976D0-2652-4285-84BE-AB37528B9B1F}.Release|Any CPU.Build.0 = Release|Any CPU
	EndGlobalSection
	GlobalSection(SolutionProperties) = preSolution
		HideSolutionNode = FALSE
	EndGlobalSection
	GlobalSection(ExtensibilityGlobals) = postSolution
		SolutionGuid = {CD0D5AC4-9CB2-4406-B85A-9CDE792BD59C}
	EndGlobalSection
EndGlobal
